
Microsoft Visual Studio Solution File, Format Version 11.00
# Visual Studio 2010
Project("{8BC9CEB8-8B4A-11D0-8D11-00A0C91BC942}") = "game", "game.vcxproj", "{AAF54561-C69F-47FE-BD82-980A343E525E}"
EndProject
Global
	GlobalSection(SolutionConfigurationPlatforms) = preSolution
		Debug|Win32 = Debug|Win32
		Release|Win32 = Release|Win32
	EndGlobalSection
	GlobalSection(ProjectConfigurationPlatforms) = postSolution
		{AAF54561-C69F-47FE-BD82-980A343E525E}.Debug|Win32.ActiveCfg = Debug|Win32
		{AAF54561-C69F-47FE-BD82-980A343E525E}.Debug|Win32.Build.0 = Debug|Win32
		{AAF54561-C69F-47FE-BD82-980A343E525E}.Release|Win32.ActiveCfg = Release|Win32
		{AAF54561-C69F-47FE-BD82-980A343E525E}.Release|Win32.Build.0 = Release|Win32
	EndGlobalSection
	GlobalSection(SolutionProperties) = preSolution
		HideSolutionNode = FALSE
	EndGlobalSection
EndGlobal
